
Microsoft Visual Studio Solution File, Format Version 12.00
# Visual Studio 2012
Project("{FAE04EC0-301F-11D3-BF4B-00C04F79EFBC}") = "Oda.Core", "Oda.Core\Oda.Core.csproj", "{DD24614B-AE6F-4EB8-9D5D-437D096876B8}"
EndProject
Project("{FAE04EC0-301F-11D3-BF4B-00C04F79EFBC}") = "Oda.Authentication", "Oda.Authentication\Oda.Authentication.csproj", "{B85D2F15-8200-4E25-BDE7-9C38AC3E4E4F}"
EndProject
Project("{FAE04EC0-301F-11D3-BF4B-00C04F79EFBC}") = "Oda.Sql", "Oda.Sql\Oda.Sql.csproj", "{CA985C31-A351-4553-8787-A377929970F8}"
EndProject
Project("{FAE04EC0-301F-11D3-BF4B-00C04F79EFBC}") = "Oda.UI", "Oda.UI\Oda.UI.csproj", "{8BAE3195-A6D2-449B-9C26-BB287A978329}"
EndProject
Project("{FAE04EC0-301F-11D3-BF4B-00C04F79EFBC}") = "Oda.FileManager", "Oda.FileManager\Oda.FileManager.csproj", "{161BFBD6-09B6-48B6-B892-114497D30F20}"
EndProject
Global
	GlobalSection(SolutionConfigurationPlatforms) = preSolution
		Debug|Any CPU = Debug|Any CPU
		Release|Any CPU = Release|Any CPU
	EndGlobalSection
	GlobalSection(ProjectConfigurationPlatforms) = postSolution
		{DD24614B-AE6F-4EB8-9D5D-437D096876B8}.Debug|Any CPU.ActiveCfg = Debug|Any CPU
		{DD24614B-AE6F-4EB8-9D5D-437D096876B8}.Release|Any CPU.ActiveCfg = Release|Any CPU
		{DD24614B-AE6F-4EB8-9D5D-437D096876B8}.Release|Any CPU.Build.0 = Release|Any CPU
		{B85D2F15-8200-4E25-BDE7-9C38AC3E4E4F}.Debug|Any CPU.ActiveCfg = Debug|Any CPU
		{B85D2F15-8200-4E25-BDE7-9C38AC3E4E4F}.Release|Any CPU.ActiveCfg = Release|Any CPU
		{B85D2F15-8200-4E25-BDE7-9C38AC3E4E4F}.Release|Any CPU.Build.0 = Release|Any CPU
		{CA985C31-A351-4553-8787-A377929970F8}.Debug|Any CPU.ActiveCfg = Debug|Any CPU
		{CA985C31-A351-4553-8787-A377929970F8}.Release|Any CPU.ActiveCfg = Release|Any CPU
		{CA985C31-A351-4553-8787-A377929970F8}.Release|Any CPU.Build.0 = Release|Any CPU
		{8BAE3195-A6D2-449B-9C26-BB287A978329}.Debug|Any CPU.ActiveCfg = Debug|Any CPU
		{8BAE3195-A6D2-449B-9C26-BB287A978329}.Release|Any CPU.ActiveCfg = Release|Any CPU
		{8BAE3195-A6D2-449B-9C26-BB287A978329}.Release|Any CPU.Build.0 = Release|Any CPU
		{161BFBD6-09B6-48B6-B892-114497D30F20}.Debug|Any CPU.ActiveCfg = Debug|Any CPU
		{161BFBD6-09B6-48B6-B892-114497D30F20}.Debug|Any CPU.Build.0 = Debug|Any CPU
		{161BFBD6-09B6-48B6-B892-114497D30F20}.Release|Any CPU.ActiveCfg = Release|Any CPU
		{161BFBD6-09B6-48B6-B892-114497D30F20}.Release|Any CPU.Build.0 = Release|Any CPU
	EndGlobalSection
	GlobalSection(SolutionProperties) = preSolution
		HideSolutionNode = FALSE
	EndGlobalSection
EndGlobal
